
Microsoft Visual Studio Solution File, Format Version 12.00
# Visual Studio Version 17
VisualStudioVersion = 17.11.35222.181
MinimumVisualStudioVersion = 10.0.40219.1
Project("{FAE04EC0-301F-11D3-BF4B-00C04F79EFBC}") = "ListaFuncoes", "ListaFuncoes\ListaFuncoes.csproj", "{EB4BEFDC-F94F-43E6-8F7D-3FF72BDE818C}"
EndProject
Global
	GlobalSection(SolutionConfigurationPlatforms) = preSolution
		Debug|Any CPU = Debug|Any CPU
		Release|Any CPU = Release|Any CPU
	EndGlobalSection
	GlobalSection(ProjectConfigurationPlatforms) = postSolution
		{EB4BEFDC-F94F-43E6-8F7D-3FF72BDE818C}.Debug|Any CPU.ActiveCfg = Debug|Any CPU
		{EB4BEFDC-F94F-43E6-8F7D-3FF72BDE818C}.Debug|Any CPU.Build.0 = Debug|Any CPU
		{EB4BEFDC-F94F-43E6-8F7D-3FF72BDE818C}.Release|Any CPU.ActiveCfg = Release|Any CPU
		{EB4BEFDC-F94F-43E6-8F7D-3FF72BDE818C}.Release|Any CPU.Build.0 = Release|Any CPU
	EndGlobalSection
	GlobalSection(SolutionProperties) = preSolution
		HideSolutionNode = FALSE
	EndGlobalSection
	GlobalSection(ExtensibilityGlobals) = postSolution
		SolutionGuid = {7779B5F9-BD7C-47E1-8493-E4D013D7D135}
	EndGlobalSection
EndGlobal
